
Microsoft Visual Studio Solution File, Format Version 12.00
# Visual Studio Version 17
VisualStudioVersion = 17.11.35219.272
MinimumVisualStudioVersion = 10.0.40219.1
Project("{9A19103F-16F7-4668-BE54-9A1E7A4F7556}") = "CarbonCost", "CarbonCost\CarbonCost.csproj", "{FD712BCA-4CCB-40DB-B3CC-296F7AF95587}"
EndProject
Global
	GlobalSection(SolutionConfigurationPlatforms) = preSolution
		Debug|Any CPU = Debug|Any CPU
		Release|Any CPU = Release|Any CPU
	EndGlobalSection
	GlobalSection(ProjectConfigurationPlatforms) = postSolution
		{FD712BCA-4CCB-40DB-B3CC-296F7AF95587}.Debug|Any CPU.ActiveCfg = Release|Any CPU
		{FD712BCA-4CCB-40DB-B3CC-296F7AF95587}.Debug|Any CPU.Build.0 = Release|Any CPU
		{FD712BCA-4CCB-40DB-B3CC-296F7AF95587}.Release|Any CPU.ActiveCfg = Release|Any CPU
		{FD712BCA-4CCB-40DB-B3CC-296F7AF95587}.Release|Any CPU.Build.0 = Release|Any CPU
	EndGlobalSection
	GlobalSection(SolutionProperties) = preSolution
		HideSolutionNode = FALSE
	EndGlobalSection
	GlobalSection(ExtensibilityGlobals) = postSolution
		SolutionGuid = {4C8C3F25-201B-4E55-AA9F-4FA32F05E330}
	EndGlobalSection
EndGlobal
